
Microsoft Visual Studio Solution File, Format Version 12.00
# Visual Studio 15
VisualStudioVersion = 15.0.28307.106
MinimumVisualStudioVersion = 10.0.40219.1
Project("{FAE04EC0-301F-11D3-BF4B-00C04F79EFBC}") = "ShellTest.Android", "ShellTest\ShellTest.Android\ShellTest.Android.csproj", "{F89280AD-1FEA-4E87-9CF8-F15C2BA019F9}"
EndProject
Project("{FAE04EC0-301F-11D3-BF4B-00C04F79EFBC}") = "ShellTest.iOS", "ShellTest\ShellTest.iOS\ShellTest.iOS.csproj", "{7E115A5D-E38E-4628-AFB5-3336BA6182FF}"
EndProject
Project("{FAE04EC0-301F-11D3-BF4B-00C04F79EFBC}") = "ShellTest.UWP", "ShellTest\ShellTest.UWP\ShellTest.UWP.csproj", "{EA8159EE-92D6-429E-B984-D46269C94845}"
EndProject
Project("{FAE04EC0-301F-11D3-BF4B-00C04F79EFBC}") = "ShellTest", "ShellTest\ShellTest\ShellTest.csproj", "{B6B23939-51C3-4F9B-BA34-643E9E387929}"
EndProject
Global
	GlobalSection(SolutionConfigurationPlatforms) = preSolution
		Ad-Hoc|Any CPU = Ad-Hoc|Any CPU
		Ad-Hoc|ARM = Ad-Hoc|ARM
		Ad-Hoc|iPhone = Ad-Hoc|iPhone
		Ad-Hoc|iPhoneSimulator = Ad-Hoc|iPhoneSimulator
		Ad-Hoc|x64 = Ad-Hoc|x64
		Ad-Hoc|x86 = Ad-Hoc|x86
		AppStore|Any CPU = AppStore|Any CPU
		AppStore|ARM = AppStore|ARM
		AppStore|iPhone = AppStore|iPhone
		AppStore|iPhoneSimulator = AppStore|iPhoneSimulator
		AppStore|x64 = AppStore|x64
		AppStore|x86 = AppStore|x86
		Debug|Any CPU = Debug|Any CPU
		Debug|ARM = Debug|ARM
		Debug|iPhone = Debug|iPhone
		Debug|iPhoneSimulator = Debug|iPhoneSimulator
		Debug|x64 = Debug|x64
		Debug|x86 = Debug|x86
		Release|Any CPU = Release|Any CPU
		Release|ARM = Release|ARM
		Release|iPhone = Release|iPhone
		Release|iPhoneSimulator = Release|iPhoneSimulator
		Release|x64 = Release|x64
		Release|x86 = Release|x86
	EndGlobalSection
	GlobalSection(ProjectConfigurationPlatforms) = postSolution
		{F89280AD-1FEA-4E87-9CF8-F15C2BA019F9}.Ad-Hoc|Any CPU.ActiveCfg = Release|Any CPU
		{F89280AD-1FEA-4E87-9CF8-F15C2BA019F9}.Ad-Hoc|Any CPU.Build.0 = Release|Any CPU
		{F89280AD-1FEA-4E87-9CF8-F15C2BA019F9}.Ad-Hoc|Any CPU.Deploy.0 = Release|Any CPU
		{F89280AD-1FEA-4E87-9CF8-F15C2BA019F9}.Ad-Hoc|ARM.ActiveCfg = Release|Any CPU
		{F89280AD-1FEA-4E87-9CF8-F15C2BA019F9}.Ad-Hoc|ARM.Build.0 = Release|Any CPU
		{F89280AD-1FEA-4E87-9CF8-F15C2BA019F9}.Ad-Hoc|ARM.Deploy.0 = Release|Any CPU
		{F89280AD-1FEA-4E87-9CF8-F15C2BA019F9}.Ad-Hoc|iPhone.ActiveCfg = Release|Any CPU
		{F89280AD-1FEA-4E87-9CF8-F15C2BA019F9}.Ad-Hoc|iPhone.Build.0 = Release|Any CPU
		{F89280AD-1FEA-4E87-9CF8-F15C2BA019F9}.Ad-Hoc|iPhone.Deploy.0 = Release|Any CPU
		{F89280AD-1FEA-4E87-9CF8-F15C2BA019F9}.Ad-Hoc|iPhoneSimulator.ActiveCfg = Release|Any CPU
		{F89280AD-1FEA-4E87-9CF8-F15C2BA019F9}.Ad-Hoc|iPhoneSimulator.Build.0 = Release|Any CPU
		{F89280AD-1FEA-4E87-9CF8-F15C2BA019F9}.Ad-Hoc|iPhoneSimulator.Deploy.0 = Release|Any CPU
		{F89280AD-1FEA-4E87-9CF8-F15C2BA019F9}.Ad-Hoc|x64.ActiveCfg = Release|Any CPU
		{F89280AD-1FEA-4E87-9CF8-F15C2BA019F9}.Ad-Hoc|x64.Build.0 = Release|Any CPU
		{F89280AD-1FEA-4E87-9CF8-F15C2BA019F9}.Ad-Hoc|x64.Deploy.0 = Release|Any CPU
		{F89280AD-1FEA-4E87-9CF8-F15C2BA019F9}.Ad-Hoc|x86.ActiveCfg = Release|Any CPU
		{F89280AD-1FEA-4E87-9CF8-F15C2BA019F9}.Ad-Hoc|x86.Build.0 = Release|Any CPU
		{F89280AD-1FEA-4E87-9CF8-F15C2BA019F9}.Ad-Hoc|x86.Deploy.0 = Release|Any CPU
		{F89280AD-1FEA-4E87-9CF8-F15C2BA019F9}.AppStore|Any CPU.ActiveCfg = Release|Any CPU
		{F89280AD-1FEA-4E87-9CF8-F15C2BA019F9}.AppStore|Any CPU.Build.0 = Release|Any CPU
		{F89280AD-1FEA-4E87-9CF8-F15C2BA019F9}.AppStore|Any CPU.Deploy.0 = Release|Any CPU
		{F89280AD-1FEA-4E87-9CF8-F15C2BA019F9}.AppStore|ARM.ActiveCfg = Release|Any CPU
		{F89280AD-1FEA-4E87-9CF8-F15C2BA019F9}.AppStore|ARM.Build.0 = Release|Any CPU
		{F89280AD-1FEA-4E87-9CF8-F15C2BA019F9}.AppStore|ARM.Deploy.0 = Release|Any CPU
		{F89280AD-1FEA-4E87-9CF8-F15C2BA019F9}.AppStore|iPhone.ActiveCfg = Release|Any CPU
		{F89280AD-1FEA-4E87-9CF8-F15C2BA019F9}.AppStore|iPhone.Build.0 = Release|Any CPU
		{F89280AD-1FEA-4E87-9CF8-F15C2BA019F9}.AppStore|iPhone.Deploy.0 = Release|Any CPU
		{F89280AD-1FEA-4E87-9CF8-F15C2BA019F9}.AppStore|iPhoneSimulator.ActiveCfg = Release|Any CPU
		{F89280AD-1FEA-4E87-9CF8-F15C2BA019F9}.AppStore|iPhoneSimulator.Build.0 = Release|Any CPU
		{F89280AD-1FEA-4E87-9CF8-F15C2BA019F9}.AppStore|iPhoneSimulator.Deploy.0 = Release|Any CPU
		{F89280AD-1FEA-4E87-9CF8-F15C2BA019F9}.AppStore|x64.ActiveCfg = Release|Any CPU
		{F89280AD-1FEA-4E87-9CF8-F15C2BA019F9}.AppStore|x64.Build.0 = Release|Any CPU
		{F89280AD-1FEA-4E87-9CF8-F15C2BA019F9}.AppStore|x64.Deploy.0 = Release|Any CPU
		{F89280AD-1FEA-4E87-9CF8-F15C2BA019F9}.AppStore|x86.ActiveCfg = Release|Any CPU
		{F89280AD-1FEA-4E87-9CF8-F15C2BA019F9}.AppStore|x86.Build.0 = Release|Any CPU
		{F89280AD-1FEA-4E87-9CF8-F15C2BA019F9}.AppStore|x86.Deploy.0 = Release|Any CPU
		{F89280AD-1FEA-4E87-9CF8-F15C2BA019F9}.Debug|Any CPU.ActiveCfg = Debug|Any CPU
		{F89280AD-1FEA-4E87-9CF8-F15C2BA019F9}.Debug|Any CPU.Build.0 = Debug|Any CPU
		{F89280AD-1FEA-4E87-9CF8-F15C2BA019F9}.Debug|Any CPU.Deploy.0 = Debug|Any CPU
		{F89280AD-1FEA-4E87-9CF8-F15C2BA019F9}.Debug|ARM.ActiveCfg = Debug|Any CPU
		{F89280AD-1FEA-4E87-9CF8-F15C2BA019F9}.Debug|ARM.Build.0 = Debug|Any CPU
		{F89280AD-1FEA-4E87-9CF8-F15C2BA019F9}.Debug|ARM.Deploy.0 = Debug|Any CPU
		{F89280AD-1FEA-4E87-9CF8-F15C2BA019F9}.Debug|iPhone.ActiveCfg = Debug|Any CPU
		{F89280AD-1FEA-4E87-9CF8-F15C2BA019F9}.Debug|iPhone.Build.0 = Debug|Any CPU
		{F89280AD-1FEA-4E87-9CF8-F15C2BA019F9}.Debug|iPhone.Deploy.0 = Debug|Any CPU
		{F89280AD-1FEA-4E87-9CF8-F15C2BA019F9}.Debug|iPhoneSimulator.ActiveCfg = Debug|Any CPU
		{F89280AD-1FEA-4E87-9CF8-F15C2BA019F9}.Debug|iPhoneSimulator.Build.0 = Debug|Any CPU
		{F89280AD-1FEA-4E87-9CF8-F15C2BA019F9}.Debug|iPhoneSimulator.Deploy.0 = Debug|Any CPU
		{F89280AD-1FEA-4E87-9CF8-F15C2BA019F9}.Debug|x64.ActiveCfg = Debug|Any CPU
		{F89280AD-1FEA-4E87-9CF8-F15C2BA019F9}.Debug|x64.Build.0 = Debug|Any CPU
		{F89280AD-1FEA-4E87-9CF8-F15C2BA019F9}.Debug|x64.Deploy.0 = Debug|Any CPU
		{F89280AD-1FEA-4E87-9CF8-F15C2BA019F9}.Debug|x86.ActiveCfg = Debug|Any CPU
		{F89280AD-1FEA-4E87-9CF8-F15C2BA019F9}.Debug|x86.Build.0 = Debug|Any CPU
		{F89280AD-1FEA-4E87-9CF8-F15C2BA019F9}.Debug|x86.Deploy.0 = Debug|Any CPU
		{F89280AD-1FEA-4E87-9CF8-F15C2BA019F9}.Release|Any CPU.ActiveCfg = Release|Any CPU
		{F89280AD-1FEA-4E87-9CF8-F15C2BA019F9}.Release|Any CPU.Build.0 = Release|Any CPU
		{F89280AD-1FEA-4E87-9CF8-F15C2BA019F9}.Release|Any CPU.Deploy.0 = Release|Any CPU
		{F89280AD-1FEA-4E87-9CF8-F15C2BA019F9}.Release|ARM.ActiveCfg = Release|Any CPU
		{F89280AD-1FEA-4E87-9CF8-F15C2BA019F9}.Release|ARM.Build.0 = Release|Any CPU
		{F89280AD-1FEA-4E87-9CF8-F15C2BA019F9}.Release|ARM.Deploy.0 = Release|Any CPU
		{F89280AD-1FEA-4E87-9CF8-F15C2BA019F9}.Release|iPhone.ActiveCfg = Release|Any CPU
		{F89280AD-1FEA-4E87-9CF8-F15C2BA019F9}.Release|iPhone.Build.0 = Release|Any CPU
		{F89280AD-1FEA-4E87-9CF8-F15C2BA019F9}.Release|iPhone.Deploy.0 = Release|Any CPU
		{F89280AD-1FEA-4E87-9CF8-F15C2BA019F9}.Release|iPhoneSimulator.ActiveCfg = Release|Any CPU
		{F89280AD-1FEA-4E87-9CF8-F15C2BA019F9}.Release|iPhoneSimulator.Build.0 = Release|Any CPU
		{F89280AD-1FEA-4E87-9CF8-F15C2BA019F9}.Release|iPhoneSimulator.Deploy.0 = Release|Any CPU
		{F89280AD-1FEA-4E87-9CF8-F15C2BA019F9}.Release|x64.ActiveCfg = Release|Any CPU
		{F89280AD-1FEA-4E87-9CF8-F15C2BA019F9}.Release|x64.Build.0 = Release|Any CPU
		{F89280AD-1FEA-4E87-9CF8-F15C2BA019F9}.Release|x64.Deploy.0 = Release|Any CPU
		{F89280AD-1FEA-4E87-9CF8-F15C2BA019F9}.Release|x86.ActiveCfg = Release|Any CPU
		{F89280AD-1FEA-4E87-9CF8-F15C2BA019F9}.Release|x86.Build.0 = Release|Any CPU
		{F89280AD-1FEA-4E87-9CF8-F15C2BA019F9}.Release|x86.Deploy.0 = Release|Any CPU
		{7E115A5D-E38E-4628-AFB5-3336BA6182FF}.Ad-Hoc|Any CPU.ActiveCfg = Ad-Hoc|iPhone
		{7E115A5D-E38E-4628-AFB5-3336BA6182FF}.Ad-Hoc|Any CPU.Build.0 = Ad-Hoc|iPhone
		{7E115A5D-E38E-4628-AFB5-3336BA6182FF}.Ad-Hoc|Any CPU.Deploy.0 = Ad-Hoc|iPhone
		{7E115A5D-E38E-4628-AFB5-3336BA6182FF}.Ad-Hoc|ARM.ActiveCfg = Ad-Hoc|iPhone
		{7E115A5D-E38E-4628-AFB5-3336BA6182FF}.Ad-Hoc|ARM.Build.0 = Ad-Hoc|iPhone
		{7E115A5D-E38E-4628-AFB5-3336BA6182FF}.Ad-Hoc|ARM.Deploy.0 = Ad-Hoc|iPhone
		{7E115A5D-E38E-4628-AFB5-3336BA6182FF}.Ad-Hoc|iPhone.ActiveCfg = Ad-Hoc|iPhone
		{7E115A5D-E38E-4628-AFB5-3336BA6182FF}.Ad-Hoc|iPhone.Build.0 = Ad-Hoc|iPhone
		{7E115A5D-E38E-4628-AFB5-3336BA6182FF}.Ad-Hoc|iPhone.Deploy.0 = Ad-Hoc|iPhone
		{7E115A5D-E38E-4628-AFB5-3336BA6182FF}.Ad-Hoc|iPhoneSimulator.ActiveCfg = Ad-Hoc|iPhoneSimulator
		{7E115A5D-E38E-4628-AFB5-3336BA6182FF}.Ad-Hoc|iPhoneSimulator.Build.0 = Ad-Hoc|iPhoneSimulator
		{7E115A5D-E38E-4628-AFB5-3336BA6182FF}.Ad-Hoc|iPhoneSimulator.Deploy.0 = Ad-Hoc|iPhoneSimulator
		{7E115A5D-E38E-4628-AFB5-3336BA6182FF}.Ad-Hoc|x64.ActiveCfg = Ad-Hoc|iPhone
		{7E115A5D-E38E-4628-AFB5-3336BA6182FF}.Ad-Hoc|x64.Build.0 = Ad-Hoc|iPhone
		{7E115A5D-E38E-4628-AFB5-3336BA6182FF}.Ad-Hoc|x64.Deploy.0 = Ad-Hoc|iPhone
		{7E115A5D-E38E-4628-AFB5-3336BA6182FF}.Ad-Hoc|x86.ActiveCfg = Ad-Hoc|iPhone
		{7E115A5D-E38E-4628-AFB5-3336BA6182FF}.Ad-Hoc|x86.Build.0 = Ad-Hoc|iPhone
		{7E115A5D-E38E-4628-AFB5-3336BA6182FF}.Ad-Hoc|x86.Deploy.0 = Ad-Hoc|iPhone
		{7E115A5D-E38E-4628-AFB5-3336BA6182FF}.AppStore|Any CPU.ActiveCfg = AppStore|iPhone
		{7E115A5D-E38E-4628-AFB5-3336BA6182FF}.AppStore|Any CPU.Build.0 = AppStore|iPhone
		{7E115A5D-E38E-4628-AFB5-3336BA6182FF}.AppStore|Any CPU.Deploy.0 = AppStore|iPhone
		{7E115A5D-E38E-4628-AFB5-3336BA6182FF}.AppStore|ARM.ActiveCfg = AppStore|iPhone
		{7E115A5D-E38E-4628-AFB5-3336BA6182FF}.AppStore|ARM.Build.0 = AppStore|iPhone
		{7E115A5D-E38E-4628-AFB5-3336BA6182FF}.AppStore|ARM.Deploy.0 = AppStore|iPhone
		{7E115A5D-E38E-4628-AFB5-3336BA6182FF}.AppStore|iPhone.ActiveCfg = AppStore|iPhone
		{7E115A5D-E38E-4628-AFB5-3336BA6182FF}.AppStore|iPhone.Build.0 = AppStore|iPhone
		{7E115A5D-E38E-4628-AFB5-3336BA6182FF}.AppStore|iPhone.Deploy.0 = AppStore|iPhone
		{7E115A5D-E38E-4628-AFB5-3336BA6182FF}.AppStore|iPhoneSimulator.ActiveCfg = AppStore|iPhoneSimulator
		{7E115A5D-E38E-4628-AFB5-3336BA6182FF}.AppStore|iPhoneSimulator.Build.0 = AppStore|iPhoneSimulator
		{7E115A5D-E38E-4628-AFB5-3336BA6182FF}.AppStore|iPhoneSimulator.Deploy.0 = AppStore|iPhoneSimulator
		{7E115A5D-E38E-4628-AFB5-3336BA6182FF}.AppStore|x64.ActiveCfg = AppStore|iPhone
		{7E115A5D-E38E-4628-AFB5-3336BA6182FF}.AppStore|x64.Build.0 = AppStore|iPhone
		{7E115A5D-E38E-4628-AFB5-3336BA6182FF}.AppStore|x64.Deploy.0 = AppStore|iPhone
		{7E115A5D-E38E-4628-AFB5-3336BA6182FF}.AppStore|x86.ActiveCfg = AppStore|iPhone
		{7E115A5D-E38E-4628-AFB5-3336BA6182FF}.AppStore|x86.Build.0 = AppStore|iPhone
		{7E115A5D-E38E-4628-AFB5-3336BA6182FF}.AppStore|x86.Deploy.0 = AppStore|iPhone
		{7E115A5D-E38E-4628-AFB5-3336BA6182FF}.Debug|Any CPU.ActiveCfg = Debug|iPhoneSimulator
		{7E115A5D-E38E-4628-AFB5-3336BA6182FF}.Debug|Any CPU.Build.0 = Debug|iPhoneSimulator
		{7E115A5D-E38E-4628-AFB5-3336BA6182FF}.Debug|Any CPU.Deploy.0 = Debug|iPhoneSimulator
		{7E115A5D-E38E-4628-AFB5-3336BA6182FF}.Debug|ARM.ActiveCfg = Debug|iPhone
		{7E115A5D-E38E-4628-AFB5-3336BA6182FF}.Debug|ARM.Build.0 = Debug|iPhone
		{7E115A5D-E38E-4628-AFB5-3336BA6182FF}.Debug|ARM.Deploy.0 = Debug|iPhone
		{7E115A5D-E38E-4628-AFB5-3336BA6182FF}.Debug|iPhone.ActiveCfg = Debug|iPhone
		{7E115A5D-E38E-4628-AFB5-3336BA6182FF}.Debug|iPhone.Build.0 = Debug|iPhone
		{7E115A5D-E38E-4628-AFB5-3336BA6182FF}.Debug|iPhone.Deploy.0 = Debug|iPhone
		{7E115A5D-E38E-4628-AFB5-3336BA6182FF}.Debug|iPhoneSimulator.ActiveCfg = Debug|iPhoneSimulator
		{7E115A5D-E38E-4628-AFB5-3336BA6182FF}.Debug|iPhoneSimulator.Build.0 = Debug|iPhoneSimulator
		{7E115A5D-E38E-4628-AFB5-3336BA6182FF}.Debug|iPhoneSimulator.Deploy.0 = Debug|iPhoneSimulator
		{7E115A5D-E38E-4628-AFB5-3336BA6182FF}.Debug|x64.ActiveCfg = Debug|iPhone
		{7E115A5D-E38E-4628-AFB5-3336BA6182FF}.Debug|x64.Build.0 = Debug|iPhone
		{7E115A5D-E38E-4628-AFB5-3336BA6182FF}.Debug|x64.Deploy.0 = Debug|iPhone
		{7E115A5D-E38E-4628-AFB5-3336BA6182FF}.Debug|x86.ActiveCfg = Debug|iPhone
		{7E115A5D-E38E-4628-AFB5-3336BA6182FF}.Debug|x86.Build.0 = Debug|iPhone
		{7E115A5D-E38E-4628-AFB5-3336BA6182FF}.Debug|x86.Deploy.0 = Debug|iPhone
		{7E115A5D-E38E-4628-AFB5-3336BA6182FF}.Release|Any CPU.ActiveCfg = Release|iPhone
		{7E115A5D-E38E-4628-AFB5-3336BA6182FF}.Release|Any CPU.Build.0 = Release|iPhone
		{7E115A5D-E38E-4628-AFB5-3336BA6182FF}.Release|Any CPU.Deploy.0 = Release|iPhone
		{7E115A5D-E38E-4628-AFB5-3336BA6182FF}.Release|ARM.ActiveCfg = Release|iPhone
		{7E115A5D-E38E-4628-AFB5-3336BA6182FF}.Release|ARM.Build.0 = Release|iPhone
		{7E115A5D-E38E-4628-AFB5-3336BA6182FF}.Release|ARM.Deploy.0 = Release|iPhone
		{7E115A5D-E38E-4628-AFB5-3336BA6182FF}.Release|iPhone.ActiveCfg = Release|iPhone
		{7E115A5D-E38E-4628-AFB5-3336BA6182FF}.Release|iPhone.Build.0 = Release|iPhone
		{7E115A5D-E38E-4628-AFB5-3336BA6182FF}.Release|iPhone.Deploy.0 = Release|iPhone
		{7E115A5D-E38E-4628-AFB5-3336BA6182FF}.Release|iPhoneSimulator.ActiveCfg = Release|iPhoneSimulator
		{7E115A5D-E38E-4628-AFB5-3336BA6182FF}.Release|iPhoneSimulator.Build.0 = Release|iPhoneSimulator
		{7E115A5D-E38E-4628-AFB5-3336BA6182FF}.Release|iPhoneSimulator.Deploy.0 = Release|iPhoneSimulator
		{7E115A5D-E38E-4628-AFB5-3336BA6182FF}.Release|x64.ActiveCfg = Release|iPhone
		{7E115A5D-E38E-4628-AFB5-3336BA6182FF}.Release|x64.Build.0 = Release|iPhone
		{7E115A5D-E38E-4628-AFB5-3336BA6182FF}.Release|x64.Deploy.0 = Release|iPhone
		{7E115A5D-E38E-4628-AFB5-3336BA6182FF}.Release|x86.ActiveCfg = Release|iPhone
		{7E115A5D-E38E-4628-AFB5-3336BA6182FF}.Release|x86.Build.0 = Release|iPhone
		{7E115A5D-E38E-4628-AFB5-3336BA6182FF}.Release|x86.Deploy.0 = Release|iPhone
		{EA8159EE-92D6-429E-B984-D46269C94845}.Ad-Hoc|Any CPU.ActiveCfg = Release|x86
		{EA8159EE-92D6-429E-B984-D46269C94845}.Ad-Hoc|Any CPU.Build.0 = Release|x86
		{EA8159EE-92D6-429E-B984-D46269C94845}.Ad-Hoc|Any CPU.Deploy.0 = Release|x86
		{EA8159EE-92D6-429E-B984-D46269C94845}.Ad-Hoc|ARM.ActiveCfg = Release|ARM
		{EA8159EE-92D6-429E-B984-D46269C94845}.Ad-Hoc|ARM.Build.0 = Release|ARM
		{EA8159EE-92D6-429E-B984-D46269C94845}.Ad-Hoc|ARM.Deploy.0 = Release|ARM
		{EA8159EE-92D6-429E-B984-D46269C94845}.Ad-Hoc|iPhone.ActiveCfg = Release|x86
		{EA8159EE-92D6-429E-B984-D46269C94845}.Ad-Hoc|iPhone.Build.0 = Release|x86
		{EA8159EE-92D6-429E-B984-D46269C94845}.Ad-Hoc|iPhone.Deploy.0 = Release|x86
		{EA8159EE-92D6-429E-B984-D46269C94845}.Ad-Hoc|iPhoneSimulator.ActiveCfg = Release|x86
		{EA8159EE-92D6-429E-B984-D46269C94845}.Ad-Hoc|iPhoneSimulator.Build.0 = Release|x86
		{EA8159EE-92D6-429E-B984-D46269C94845}.Ad-Hoc|iPhoneSimulator.Deploy.0 = Release|x86
		{EA8159EE-92D6-429E-B984-D46269C94845}.Ad-Hoc|x64.ActiveCfg = Release|x64
		{EA8159EE-92D6-429E-B984-D46269C94845}.Ad-Hoc|x64.Build.0 = Release|x64
		{EA8159EE-92D6-429E-B984-D46269C94845}.Ad-Hoc|x64.Deploy.0 = Release|x64
		{EA8159EE-92D6-429E-B984-D46269C94845}.Ad-Hoc|x86.ActiveCfg = Release|x86
		{EA8159EE-92D6-429E-B984-D46269C94845}.Ad-Hoc|x86.Build.0 = Release|x86
		{EA8159EE-92D6-429E-B984-D46269C94845}.Ad-Hoc|x86.Deploy.0 = Release|x86
		{EA8159EE-92D6-429E-B984-D46269C94845}.AppStore|Any CPU.ActiveCfg = Release|x86
		{EA8159EE-92D6-429E-B984-D46269C94845}.AppStore|Any CPU.Build.0 = Release|x86
		{EA8159EE-92D6-429E-B984-D46269C94845}.AppStore|Any CPU.Deploy.0 = Release|x86
		{EA8159EE-92D6-429E-B984-D46269C94845}.AppStore|ARM.ActiveCfg = Release|ARM
		{EA8159EE-92D6-429E-B984-D46269C94845}.AppStore|ARM.Build.0 = Release|ARM
		{EA8159EE-92D6-429E-B984-D46269C94845}.AppStore|ARM.Deploy.0 = Release|ARM
		{EA8159EE-92D6-429E-B984-D46269C94845}.AppStore|iPhone.ActiveCfg = Release|x86
		{EA8159EE-92D6-429E-B984-D46269C94845}.AppStore|iPhone.Build.0 = Release|x86
		{EA8159EE-92D6-429E-B984-D46269C94845}.AppStore|iPhone.Deploy.0 = Release|x86
		{EA8159EE-92D6-429E-B984-D46269C94845}.AppStore|iPhoneSimulator.ActiveCfg = Release|x86
		{EA8159EE-92D6-429E-B984-D46269C94845}.AppStore|iPhoneSimulator.Build.0 = Release|x86
		{EA8159EE-92D6-429E-B984-D46269C94845}.AppStore|iPhoneSimulator.Deploy.0 = Release|x86
		{EA8159EE-92D6-429E-B984-D46269C94845}.AppStore|x64.ActiveCfg = Release|x64
		{EA8159EE-92D6-429E-B984-D46269C94845}.AppStore|x64.Build.0 = Release|x64
		{EA8159EE-92D6-429E-B984-D46269C94845}.AppStore|x64.Deploy.0 = Release|x64
		{EA8159EE-92D6-429E-B984-D46269C94845}.AppStore|x86.ActiveCfg = Release|x86
		{EA8159EE-92D6-429E-B984-D46269C94845}.AppStore|x86.Build.0 = Release|x86
		{EA8159EE-92D6-429E-B984-D46269C94845}.AppStore|x86.Deploy.0 = Release|x86
		{EA8159EE-92D6-429E-B984-D46269C94845}.Debug|Any CPU.ActiveCfg = Debug|x86
		{EA8159EE-92D6-429E-B984-D46269C94845}.Debug|Any CPU.Build.0 = Debug|x86
		{EA8159EE-92D6-429E-B984-D46269C94845}.Debug|Any CPU.Deploy.0 = Debug|x86
		{EA8159EE-92D6-429E-B984-D46269C94845}.Debug|ARM.ActiveCfg = Debug|ARM
		{EA8159EE-92D6-429E-B984-D46269C94845}.Debug|ARM.Build.0 = Debug|ARM
		{EA8159EE-92D6-429E-B984-D46269C94845}.Debug|ARM.Deploy.0 = Debug|ARM
		{EA8159EE-92D6-429E-B984-D46269C94845}.Debug|iPhone.ActiveCfg = Debug|x86
		{EA8159EE-92D6-429E-B984-D46269C94845}.Debug|iPhone.Build.0 = Debug|x86
		{EA8159EE-92D6-429E-B984-D46269C94845}.Debug|iPhone.Deploy.0 = Debug|x86
		{EA8159EE-92D6-429E-B984-D46269C94845}.Debug|iPhoneSimulator.ActiveCfg = Debug|x86
		{EA8159EE-92D6-429E-B984-D46269C94845}.Debug|iPhoneSimulator.Build.0 = Debug|x86
		{EA8159EE-92D6-429E-B984-D46269C94845}.Debug|iPhoneSimulator.Deploy.0 = Debug|x86
		{EA8159EE-92D6-429E-B984-D46269C94845}.Debug|x64.ActiveCfg = Debug|x64
		{EA8159EE-92D6-429E-B984-D46269C94845}.Debug|x64.Build.0 = Debug|x64
		{EA8159EE-92D6-429E-B984-D46269C94845}.Debug|x64.Deploy.0 = Debug|x64
		{EA8159EE-92D6-429E-B984-D46269C94845}.Debug|x86.ActiveCfg = Debug|x86
		{EA8159EE-92D6-429E-B984-D46269C94845}.Debug|x86.Build.0 = Debug|x86
		{EA8159EE-92D6-429E-B984-D46269C94845}.Debug|x86.Deploy.0 = Debug|x86
		{EA8159EE-92D6-429E-B984-D46269C94845}.Release|Any CPU.ActiveCfg = Release|x86
		{EA8159EE-92D6-429E-B984-D46269C94845}.Release|Any CPU.Build.0 = Release|x86
		{EA8159EE-92D6-429E-B984-D46269C94845}.Release|Any CPU.Deploy.0 = Release|x86
		{EA8159EE-92D6-429E-B984-D46269C94845}.Release|ARM.ActiveCfg = Release|ARM
		{EA8159EE-92D6-429E-B984-D46269C94845}.Release|ARM.Build.0 = Release|ARM
		{EA8159EE-92D6-429E-B984-D46269C94845}.Release|ARM.Deploy.0 = Release|ARM
		{EA8159EE-92D6-429E-B984-D46269C94845}.Release|iPhone.ActiveCfg = Release|x86
		{EA8159EE-92D6-429E-B984-D46269C94845}.Release|iPhone.Build.0 = Release|x86
		{EA8159EE-92D6-429E-B984-D46269C94845}.Release|iPhone.Deploy.0 = Release|x86
		{EA8159EE-92D6-429E-B984-D46269C94845}.Release|iPhoneSimulator.ActiveCfg = Release|x86
		{EA8159EE-92D6-429E-B984-D46269C94845}.Release|iPhoneSimulator.Build.0 = Release|x86
		{EA8159EE-92D6-429E-B984-D46269C94845}.Release|iPhoneSimulator.Deploy.0 = Release|x86
		{EA8159EE-92D6-429E-B984-D46269C94845}.Release|x64.ActiveCfg = Release|x64
		{EA8159EE-92D6-429E-B984-D46269C94845}.Release|x64.Build.0 = Release|x64
		{EA8159EE-92D6-429E-B984-D46269C94845}.Release|x64.Deploy.0 = Release|x64
		{EA8159EE-92D6-429E-B984-D46269C94845}.Release|x86.ActiveCfg = Release|x86
		{EA8159EE-92D6-429E-B984-D46269C94845}.Release|x86.Build.0 = Release|x86
		{EA8159EE-92D6-429E-B984-D46269C94845}.Release|x86.Deploy.0 = Release|x86
		{B6B23939-51C3-4F9B-BA34-643E9E387929}.Ad-Hoc|Any CPU.ActiveCfg = Debug|Any CPU
		{B6B23939-51C3-4F9B-BA34-643E9E387929}.Ad-Hoc|Any CPU.Build.0 = Debug|Any CPU
		{B6B23939-51C3-4F9B-BA34-643E9E387929}.Ad-Hoc|Any CPU.Deploy.0 = Debug|Any CPU
		{B6B23939-51C3-4F9B-BA34-643E9E387929}.Ad-Hoc|ARM.ActiveCfg = Debug|Any CPU
		{B6B23939-51C3-4F9B-BA34-643E9E387929}.Ad-Hoc|ARM.Build.0 = Debug|Any CPU
		{B6B23939-51C3-4F9B-BA34-643E9E387929}.Ad-Hoc|ARM.Deploy.0 = Debug|Any CPU
		{B6B23939-51C3-4F9B-BA34-643E9E387929}.Ad-Hoc|iPhone.ActiveCfg = Debug|Any CPU
		{B6B23939-51C3-4F9B-BA34-643E9E387929}.Ad-Hoc|iPhone.Build.0 = Debug|Any CPU
		{B6B23939-51C3-4F9B-BA34-643E9E387929}.Ad-Hoc|iPhone.Deploy.0 = Debug|Any CPU
		{B6B23939-51C3-4F9B-BA34-643E9E387929}.Ad-Hoc|iPhoneSimulator.ActiveCfg = Debug|Any CPU
		{B6B23939-51C3-4F9B-BA34-643E9E387929}.Ad-Hoc|iPhoneSimulator.Build.0 = Debug|Any CPU
		{B6B23939-51C3-4F9B-BA34-643E9E387929}.Ad-Hoc|iPhoneSimulator.Deploy.0 = Debug|Any CPU
		{B6B23939-51C3-4F9B-BA34-643E9E387929}.Ad-Hoc|x64.ActiveCfg = Debug|Any CPU
		{B6B23939-51C3-4F9B-BA34-643E9E387929}.Ad-Hoc|x64.Build.0 = Debug|Any CPU
		{B6B23939-51C3-4F9B-BA34-643E9E387929}.Ad-Hoc|x64.Deploy.0 = Debug|Any CPU
		{B6B23939-51C3-4F9B-BA34-643E9E387929}.Ad-Hoc|x86.ActiveCfg = Debug|Any CPU
		{B6B23939-51C3-4F9B-BA34-643E9E387929}.Ad-Hoc|x86.Build.0 = Debug|Any CPU
		{B6B23939-51C3-4F9B-BA34-643E9E387929}.Ad-Hoc|x86.Deploy.0 = Debug|Any CPU
		{B6B23939-51C3-4F9B-BA34-643E9E387929}.AppStore|Any CPU.ActiveCfg = Debug|Any CPU
		{B6B23939-51C3-4F9B-BA34-643E9E387929}.AppStore|Any CPU.Build.0 = Debug|Any CPU
		{B6B23939-51C3-4F9B-BA34-643E9E387929}.AppStore|Any CPU.Deploy.0 = Debug|Any CPU
		{B6B23939-51C3-4F9B-BA34-643E9E387929}.AppStore|ARM.ActiveCfg = Debug|Any CPU
		{B6B23939-51C3-4F9B-BA34-643E9E387929}.AppStore|ARM.Build.0 = Debug|Any CPU
		{B6B23939-51C3-4F9B-BA34-643E9E387929}.AppStore|ARM.Deploy.0 = Debug|Any CPU
		{B6B23939-51C3-4F9B-BA34-643E9E387929}.AppStore|iPhone.ActiveCfg = Debug|Any CPU
		{B6B23939-51C3-4F9B-BA34-643E9E387929}.AppStore|iPhone.Build.0 = Debug|Any CPU
		{B6B23939-51C3-4F9B-BA34-643E9E387929}.AppStore|iPhone.Deploy.0 = Debug|Any CPU
		{B6B23939-51C3-4F9B-BA34-643E9E387929}.AppStore|iPhoneSimulator.ActiveCfg = Debug|Any CPU
		{B6B23939-51C3-4F9B-BA34-643E9E387929}.AppStore|iPhoneSimulator.Build.0 = Debug|Any CPU
		{B6B23939-51C3-4F9B-BA34-643E9E387929}.AppStore|iPhoneSimulator.Deploy.0 = Debug|Any CPU
		{B6B23939-51C3-4F9B-BA34-643E9E387929}.AppStore|x64.ActiveCfg = Debug|Any CPU
		{B6B23939-51C3-4F9B-BA34-643E9E387929}.AppStore|x64.Build.0 = Debug|Any CPU
		{B6B23939-51C3-4F9B-BA34-643E9E387929}.AppStore|x64.Deploy.0 = Debug|Any CPU
		{B6B23939-51C3-4F9B-BA34-643E9E387929}.AppStore|x86.ActiveCfg = Debug|Any CPU
		{B6B23939-51C3-4F9B-BA34-643E9E387929}.AppStore|x86.Build.0 = Debug|Any CPU
		{B6B23939-51C3-4F9B-BA34-643E9E387929}.AppStore|x86.Deploy.0 = Debug|Any CPU
		{B6B23939-51C3-4F9B-BA34-643E9E387929}.Debug|Any CPU.ActiveCfg = Debug|Any CPU
		{B6B23939-51C3-4F9B-BA34-643E9E387929}.Debug|Any CPU.Build.0 = Debug|Any CPU
		{B6B23939-51C3-4F9B-BA34-643E9E387929}.Debug|Any CPU.Deploy.0 = Debug|Any CPU
		{B6B23939-51C3-4F9B-BA34-643E9E387929}.Debug|ARM.ActiveCfg = Debug|Any CPU
		{B6B23939-51C3-4F9B-BA34-643E9E387929}.Debug|ARM.Build.0 = Debug|Any CPU
		{B6B23939-51C3-4F9B-BA34-643E9E387929}.Debug|ARM.Deploy.0 = Debug|Any CPU
		{B6B23939-51C3-4F9B-BA34-643E9E387929}.Debug|iPhone.ActiveCfg = Debug|Any CPU
		{B6B23939-51C3-4F9B-BA34-643E9E387929}.Debug|iPhone.Build.0 = Debug|Any CPU
		{B6B23939-51C3-4F9B-BA34-643E9E387929}.Debug|iPhone.Deploy.0 = Debug|Any CPU
		{B6B23939-51C3-4F9B-BA34-643E9E387929}.Debug|iPhoneSimulator.ActiveCfg = Debug|Any CPU
		{B6B23939-51C3-4F9B-BA34-643E9E387929}.Debug|iPhoneSimulator.Build.0 = Debug|Any CPU
		{B6B23939-51C3-4F9B-BA34-643E9E387929}.Debug|iPhoneSimulator.Deploy.0 = Debug|Any CPU
		{B6B23939-51C3-4F9B-BA34-643E9E387929}.Debug|x64.ActiveCfg = Debug|Any CPU
		{B6B23939-51C3-4F9B-BA34-643E9E387929}.Debug|x64.Build.0 = Debug|Any CPU
		{B6B23939-51C3-4F9B-BA34-643E9E387929}.Debug|x64.Deploy.0 = Debug|Any CPU
		{B6B23939-51C3-4F9B-BA34-643E9E387929}.Debug|x86.ActiveCfg = Debug|Any CPU
		{B6B23939-51C3-4F9B-BA34-643E9E387929}.Debug|x86.Build.0 = Debug|Any CPU
		{B6B23939-51C3-4F9B-BA34-643E9E387929}.Debug|x86.Deploy.0 = Debug|Any CPU
		{B6B23939-51C3-4F9B-BA34-643E9E387929}.Release|Any CPU.ActiveCfg = Release|Any CPU
		{B6B23939-51C3-4F9B-BA34-643E9E387929}.Release|Any CPU.Build.0 = Release|Any CPU
		{B6B23939-51C3-4F9B-BA34-643E9E387929}.Release|Any CPU.Deploy.0 = Release|Any CPU
		{B6B23939-51C3-4F9B-BA34-643E9E387929}.Release|ARM.ActiveCfg = Release|Any CPU
		{B6B23939-51C3-4F9B-BA34-643E9E387929}.Release|ARM.Build.0 = Release|Any CPU
		{B6B23939-51C3-4F9B-BA34-643E9E387929}.Release|ARM.Deploy.0 = Release|Any CPU
		{B6B23939-51C3-4F9B-BA34-643E9E387929}.Release|iPhone.ActiveCfg = Release|Any CPU
		{B6B23939-51C3-4F9B-BA34-643E9E387929}.Release|iPhone.Build.0 = Release|Any CPU
		{B6B23939-51C3-4F9B-BA34-643E9E387929}.Release|iPhone.Deploy.0 = Release|Any CPU
		{B6B23939-51C3-4F9B-BA34-643E9E387929}.Release|iPhoneSimulator.ActiveCfg = Release|Any CPU
		{B6B23939-51C3-4F9B-BA34-643E9E387929}.Release|iPhoneSimulator.Build.0 = Release|Any CPU
		{B6B23939-51C3-4F9B-BA34-643E9E387929}.Release|iPhoneSimulator.Deploy.0 = Release|Any CPU
		{B6B23939-51C3-4F9B-BA34-643E9E387929}.Release|x64.ActiveCfg = Release|Any CPU
		{B6B23939-51C3-4F9B-BA34-643E9E387929}.Release|x64.Build.0 = Release|Any CPU
		{B6B23939-51C3-4F9B-BA34-643E9E387929}.Release|x64.Deploy.0 = Release|Any CPU
		{B6B23939-51C3-4F9B-BA34-643E9E387929}.Release|x86.ActiveCfg = Release|Any CPU
		{B6B23939-51C3-4F9B-BA34-643E9E387929}.Release|x86.Build.0 = Release|Any CPU
		{B6B23939-51C3-4F9B-BA34-643E9E387929}.Release|x86.Deploy.0 = Release|Any CPU
	EndGlobalSection
	GlobalSection(SolutionProperties) = preSolution
		HideSolutionNode = FALSE
	EndGlobalSection
	GlobalSection(ExtensibilityGlobals) = postSolution
		SolutionGuid = {DD4FFD89-37C6-4BA1-81AD-A042FAC6AE74}
	EndGlobalSection
EndGlobal
